// !$*UTF8*$!
{
	archiveVersion = 1;
	classes = {
	};
	objectVersion = 55;
	objects = {

/* Begin PBXBuildFile section */
		523183F1288FA14300B57A0C /* HomeVC.swift in Sources */ = {isa = PBXBuildFile; fileRef = 523183F0288FA14300B57A0C /* HomeVC.swift */; };
		523183F3288FA1C900B57A0C /* TransferVC.swift in Sources */ = {isa = PBXBuildFile; fileRef = 523183F2288FA1C900B57A0C /* TransferVC.swift */; };
		523183F5288FA26100B57A0C /* PaymentVC.swift in Sources */ = {isa = PBXBuildFile; fileRef = 523183F4288FA26100B57A0C /* PaymentVC.swift */; };
		523183F7288FA2A600B57A0C /* MarketVC.swift in Sources */ = {isa = PBXBuildFile; fileRef = 523183F6288FA2A600B57A0C /* MarketVC.swift */; };
		523183F9288FA2F100B57A0C /* MyKarmonVC.swift in Sources */ = {isa = PBXBuildFile; fileRef = 523183F8288FA2F100B57A0C /* MyKarmonVC.swift */; };
		523183FF288FA88600B57A0C /* Utilities.swift in Sources */ = {isa = PBXBuildFile; fileRef = 523183FE288FA88600B57A0C /* Utilities.swift */; };
		52318401288FF47500B57A0C /* Extensions.swift in Sources */ = {isa = PBXBuildFile; fileRef = 52318400288FF47500B57A0C /* Extensions.swift */; };
		52518FC7288F1A4E00365DBD /* AppDelegate.swift in Sources */ = {isa = PBXBuildFile; fileRef = 52518FC6288F1A4E00365DBD /* AppDelegate.swift */; };
		52518FC9288F1A4E00365DBD /* SceneDelegate.swift in Sources */ = {isa = PBXBuildFile; fileRef = 52518FC8288F1A4E00365DBD /* SceneDelegate.swift */; };
		52518FCB288F1A4E00365DBD /* TabBarController.swift in Sources */ = {isa = PBXBuildFile; fileRef = 52518FCA288F1A4E00365DBD /* TabBarController.swift */; };
		52518FD0288F1A5100365DBD /* Assets.xcassets in Resources */ = {isa = PBXBuildFile; fileRef = 52518FCF288F1A5100365DBD /* Assets.xcassets */; };
		52518FD3288F1A5100365DBD /* LaunchScreen.storyboard in Resources */ = {isa = PBXBuildFile; fileRef = 52518FD1288F1A5100365DBD /* LaunchScreen.storyboard */; };
/* End PBXBuildFile section */

/* Begin PBXFileReference section */
		523183F0288FA14300B57A0C /* HomeVC.swift */ = {isa = PBXFileReference; lastKnownFileType = sourcecode.swift; path = HomeVC.swift; sourceTree = "<group>"; };
		523183F2288FA1C900B57A0C /* TransferVC.swift */ = {isa = PBXFileReference; lastKnownFileType = sourcecode.swift; path = TransferVC.swift; sourceTree = "<group>"; };
		523183F4288FA26100B57A0C /* PaymentVC.swift */ = {isa = PBXFileReference; lastKnownFileType = sourcecode.swift; path = PaymentVC.swift; sourceTree = "<group>"; };
		523183F6288FA2A600B57A0C /* MarketVC.swift */ = {isa = PBXFileReference; lastKnownFileType = sourcecode.swift; path = MarketVC.swift; sourceTree = "<group>"; };
		523183F8288FA2F100B57A0C /* MyKarmonVC.swift */ = {isa = PBXFileReference; lastKnownFileType = sourcecode.swift; path = MyKarmonVC.swift; sourceTree = "<group>"; };
		523183FE288FA88600B57A0C /* Utilities.swift */ = {isa = PBXFileReference; lastKnownFileType = sourcecode.swift; path = Utilities.swift; sourceTree = "<group>"; };
		52318400288FF47500B57A0C /* Extensions.swift */ = {isa = PBXFileReference; lastKnownFileType = sourcecode.swift; path = Extensions.swift; sourceTree = "<group>"; };
		52518FC3288F1A4E00365DBD /* HomeVC.app */ = {isa = PBXFileReference; explicitFileType = wrapper.application; includeInIndex = 0; path = HomeVC.app; sourceTree = BUILT_PRODUCTS_DIR; };
		52518FC6288F1A4E00365DBD /* AppDelegate.swift */ = {isa = PBXFileReference; lastKnownFileType = sourcecode.swift; path = AppDelegate.swift; sourceTree = "<group>"; };
		52518FC8288F1A4E00365DBD /* SceneDelegate.swift */ = {isa = PBXFileReference; lastKnownFileType = sourcecode.swift; path = SceneDelegate.swift; sourceTree = "<group>"; };
		52518FCA288F1A4E00365DBD /* TabBarController.swift */ = {isa = PBXFileReference; lastKnownFileType = sourcecode.swift; path = TabBarController.swift; sourceTree = "<group>"; };
		52518FCF288F1A5100365DBD /* Assets.xcassets */ = {isa = PBXFileReference; lastKnownFileType = folder.assetcatalog; path = Assets.xcassets; sourceTree = "<group>"; };
		52518FD2288F1A5100365DBD /* Base */ = {isa = PBXFileReference; lastKnownFileType = file.storyboard; name = Base; path = Base.lproj/LaunchScreen.storyboard; sourceTree = "<group>"; };
		52518FD4288F1A5100365DBD /* Info.plist */ = {isa = PBXFileReference; lastKnownFileType = text.plist.xml; path = Info.plist; sourceTree = "<group>"; };
/* End PBXFileReference section */

/* Begin PBXFrameworksBuildPhase section */
		52518FC0288F1A4E00365DBD /* Frameworks */ = {
			isa = PBXFrameworksBuildPhase;
			buildActionMask = 2147483647;
			files = (
			);
			runOnlyForDeploymentPostprocessing = 0;
		};
/* End PBXFrameworksBuildPhase section */

/* Begin PBXGroup section */
		523183EF288FA10000B57A0C /* Controllers */ = {
			isa = PBXGroup;
			children = (
				52518FCA288F1A4E00365DBD /* TabBarController.swift */,
				523183F0288FA14300B57A0C /* HomeVC.swift */,
				523183F2288FA1C900B57A0C /* TransferVC.swift */,
				523183F4288FA26100B57A0C /* PaymentVC.swift */,
				523183F6288FA2A600B57A0C /* MarketVC.swift */,
				523183F8288FA2F100B57A0C /* MyKarmonVC.swift */,
			);
			path = Controllers;
			sourceTree = "<group>";
		};
		523183FC288FA80600B57A0C /* Utils */ = {
			isa = PBXGroup;
			children = (
				523183FE288FA88600B57A0C /* Utilities.swift */,
			);
			path = Utils;
			sourceTree = "<group>";
		};
		523183FD288FA81C00B57A0C /* Files */ = {
			isa = PBXGroup;
			children = (
				52518FC6288F1A4E00365DBD /* AppDelegate.swift */,
				52518FC8288F1A4E00365DBD /* SceneDelegate.swift */,
				52518FCF288F1A5100365DBD /* Assets.xcassets */,
				52518FD1288F1A5100365DBD /* LaunchScreen.storyboard */,
				52518FD4288F1A5100365DBD /* Info.plist */,
				52318400288FF47500B57A0C /* Extensions.swift */,
			);
			name = Files;
			sourceTree = "<group>";
		};
		52518FBA288F1A4E00365DBD = {
			isa = PBXGroup;
			children = (
				523183FD288FA81C00B57A0C /* Files */,
				52518FC5288F1A4E00365DBD /* MainView */,
				523183FC288FA80600B57A0C /* Utils */,
				52518FC4288F1A4E00365DBD /* Products */,
			);
			sourceTree = "<group>";
		};
		52518FC4288F1A4E00365DBD /* Products */ = {
			isa = PBXGroup;
			children = (
				52518FC3288F1A4E00365DBD /* HomeVC.app */,
			);
			name = Products;
			sourceTree = "<group>";
		};
		52518FC5288F1A4E00365DBD /* MainView */ = {
			isa = PBXGroup;
			children = (
				523183EF288FA10000B57A0C /* Controllers */,
			);
			path = MainView;
			sourceTree = "<group>";
		};
/* End PBXGroup section */

/* Begin PBXNativeTarget section */
		52518FC2288F1A4E00365DBD /* HomeVC */ = {
			isa = PBXNativeTarget;
			buildConfigurationList = 52518FD7288F1A5100365DBD /* Build configuration list for PBXNativeTarget "HomeVC" */;
			buildPhases = (
				52518FBF288F1A4E00365DBD /* Sources */,
				52518FC0288F1A4E00365DBD /* Frameworks */,
				52518FC1288F1A4E00365DBD /* Resources */,
			);
			buildRules = (
			);
			dependencies = (
			);
			name = HomeVC;
			productName = HomeVC;
			productReference = 52518FC3288F1A4E00365DBD /* HomeVC.app */;
			productType = "com.apple.product-type.application";
		};
/* End PBXNativeTarget section */

/* Begin PBXProject section */
		52518FBB288F1A4E00365DBD /* Project object */ = {
			isa = PBXProject;
			attributes = {
				BuildIndependentTargetsInParallel = 1;
				LastSwiftUpdateCheck = 1320;
				LastUpgradeCheck = 1320;
				TargetAttributes = {
					52518FC2288F1A4E00365DBD = {
						CreatedOnToolsVersion = 13.2.1;
					};
				};
			};
			buildConfigurationList = 52518FBE288F1A4E00365DBD /* Build configuration list for PBXProject "HomeVC" */;
			compatibilityVersion = "Xcode 13.0";
			developmentRegion = en;
			hasScannedForEncodings = 0;
			knownRegions = (
				en,
				Base,
			);
			mainGroup = 52518FBA288F1A4E00365DBD;
			productRefGroup = 52518FC4288F1A4E00365DBD /* Products */;
			projectDirPath = "";
			projectRoot = "";
			targets = (
				52518FC2288F1A4E00365DBD /* HomeVC */,
			);
		};
/* End PBXProject section */

/* Begin PBXResourcesBuildPhase section */
		52518FC1288F1A4E00365DBD /* Resources */ = {
			isa = PBXResourcesBuildPhase;
			buildActionMask = 2147483647;
			files = (
				52518FD3288F1A5100365DBD /* LaunchScreen.storyboard in Resources */,
				52518FD0288F1A5100365DBD /* Assets.xcassets in Resources */,
			);
			runOnlyForDeploymentPostprocessing = 0;
		};
/* End PBXResourcesBuildPhase section */

/* Begin PBXSourcesBuildPhase section */
		52518FBF288F1A4E00365DBD /* Sources */ = {
			isa = PBXSourcesBuildPhase;
			buildActionMask = 2147483647;
			files = (
				52518FCB288F1A4E00365DBD /* TabBarController.swift in Sources */,
				523183F5288FA26100B57A0C /* PaymentVC.swift in Sources */,
				523183F9288FA2F100B57A0C /* MyKarmonVC.swift in Sources */,
				523183F1288FA14300B57A0C /* HomeVC.swift in Sources */,
				52518FC7288F1A4E00365DBD /* AppDelegate.swift in Sources */,
				52318401288FF47500B57A0C /* Extensions.swift in Sources */,
				52518FC9288F1A4E00365DBD /* SceneDelegate.swift in Sources */,
				523183FF288FA88600B57A0C /* Utilities.swift in Sources */,
				523183F3288FA1C900B57A0C /* TransferVC.swift in Sources */,
				523183F7288FA2A600B57A0C /* MarketVC.swift in Sources */,
			);
			runOnlyForDeploymentPostprocessing = 0;
		};
/* End PBXSourcesBuildPhase section */

/* Begin PBXVariantGroup section */
		52518FD1288F1A5100365DBD /* LaunchScreen.storyboard */ = {
			isa = PBXVariantGroup;
			children = (
				52518FD2288F1A5100365DBD /* Base */,
			);
			name = LaunchScreen.storyboard;
			sourceTree = "<group>";
		};
/* End PBXVariantGroup section */

/* Begin XCBuildConfiguration section */
		52518FD5288F1A5100365DBD /* Debug */ = {
			isa = XCBuildConfiguration;
			buildSettings = {
				ALWAYS_SEARCH_USER_PATHS = NO;
				CLANG_ANALYZER_NONNULL = YES;
				CLANG_ANALYZER_NUMBER_OBJECT_CONVERSION = YES_AGGRESSIVE;
				CLANG_CXX_LANGUAGE_STANDARD = "gnu++17";
				CLANG_CXX_LIBRARY = "libc++";
				CLANG_ENABLE_MODULES = YES;
				CLANG_ENABLE_OBJC_ARC = YES;
				CLANG_ENABLE_OBJC_WEAK = YES;
				CLANG_WARN_BLOCK_CAPTURE_AUTORELEASING = YES;
				CLANG_WARN_BOOL_CONVERSION = YES;
				CLANG_WARN_COMMA = YES;
				CLANG_WARN_CONSTANT_CONVERSION = YES;
				CLANG_WARN_DEPRECATED_OBJC_IMPLEMENTATIONS = YES;
				CLANG_WARN_DIRECT_OBJC_ISA_USAGE = YES_ERROR;
				CLANG_WARN_DOCUMENTATION_COMMENTS = YES;
				CLANG_WARN_EMPTY_BODY = YES;
				CLANG_WARN_ENUM_CONVERSION = YES;
				CLANG_WARN_INFINITE_RECURSION = YES;
				CLANG_WARN_INT_CONVERSION = YES;
				CLANG_WARN_NON_LITERAL_NULL_CONVERSION = YES;
				CLANG_WARN_OBJC_IMPLICIT_RETAIN_SELF = YES;
				CLANG_WARN_OBJC_LITERAL_CONVERSION = YES;
				CLANG_WARN_OBJC_ROOT_CLASS = YES_ERROR;
				CLANG_WARN_QUOTED_INCLUDE_IN_FRAMEWORK_HEADER = YES;
				CLANG_WARN_RANGE_LOOP_ANALYSIS = YES;
				CLANG_WARN_STRICT_PROTOTYPES = YES;
				CLANG_WARN_SUSPICIOUS_MOVE = YES;
				CLANG_WARN_UNGUARDED_AVAILABILITY = YES_AGGRESSIVE;
				CLANG_WARN_UNREACHABLE_CODE = YES;
				CLANG_WARN__DUPLICATE_METHOD_MATCH = YES;
				COPY_PHASE_STRIP = NO;
				DEBUG_INFORMATION_FORMAT = dwarf;
				ENABLE_STRICT_OBJC_MSGSEND = YES;
				ENABLE_TESTABILITY = YES;
				GCC_C_LANGUAGE_STANDARD = gnu11;
				GCC_DYNAMIC_NO_PIC = NO;
				GCC_NO_COMMON_BLOCKS = YES;
				GCC_OPTIMIZATION_LEVEL = 0;
				GCC_PREPROCESSOR_DEFINITIONS = (
					"DEBUG=1",
					"$(inherited)",
				);
				GCC_WARN_64_TO_32_BIT_CONVERSION = YES;
				GCC_WARN_ABOUT_RETURN_TYPE = YES_ERROR;
				GCC_WARN_UNDECLARED_SELECTOR = YES;
				GCC_WARN_UNINITIALIZED_AUTOS = YES_AGGRESSIVE;
				GCC_WARN_UNUSED_FUNCTION = YES;
				GCC_WARN_UNUSED_VARIABLE = YES;
				IPHONEOS_DEPLOYMENT_TARGET = 15.2;
				MTL_ENABLE_DEBUG_INFO = INCLUDE_SOURCE;
				MTL_FAST_MATH = YES;
				ONLY_ACTIVE_ARCH = YES;
				SDKROOT = iphoneos;
				SWIFT_ACTIVE_COMPILATION_CONDITIONS = DEBUG;
				SWIFT_OPTIMIZATION_LEVEL = "-Onone";
			};
			name = Debug;
		};
		52518FD6288F1A5100365DBD /* Release */ = {
			isa = XCBuildConfiguration;
			buildSettings = {
				ALWAYS_SEARCH_USER_PATHS = NO;
				CLANG_ANALYZER_NONNULL = YES;
				CLANG_ANALYZER_NUMBER_OBJECT_CONVERSION = YES_AGGRESSIVE;
				CLANG_CXX_LANGUAGE_STANDARD = "gnu++17";
				CLANG_CXX_LIBRARY = "libc++";
				CLANG_ENABLE_MODULES = YES;
				CLANG_ENABLE_OBJC_ARC = YES;
				CLANG_ENABLE_OBJC_WEAK = YES;
				CLANG_WARN_BLOCK_CAPTURE_AUTORELEASING = YES;
				CLANG_WARN_BOOL_CONVERSION = YES;
				CLANG_WARN_COMMA = YES;
				CLANG_WARN_CONSTANT_CONVERSION = YES;
				CLANG_WARN_DEPRECATED_OBJC_IMPLEMENTATIONS = YES;
				CLANG_WARN_DIRECT_OBJC_ISA_USAGE = YES_ERROR;
				CLANG_WARN_DOCUMENTATION_COMMENTS = YES;
				CLANG_WARN_EMPTY_BODY = YES;
				CLANG_WARN_ENUM_CONVERSION = YES;
				CLANG_WARN_INFINITE_RECURSION = YES;
				CLANG_WARN_INT_CONVERSION = YES;
				CLANG_WARN_NON_LITERAL_NULL_CONVERSION = YES;
				CLANG_WARN_OBJC_IMPLICIT_RETAIN_SELF = YES;
				CLANG_WARN_OBJC_LITERAL_CONVERSION = YES;
				CLANG_WARN_OBJC_ROOT_CLASS = YES_ERROR;
				CLANG_WARN_QUOTED_INCLUDE_IN_FRAMEWORK_HEADER = YES;
				CLANG_WARN_RANGE_LOOP_ANALYSIS = YES;
				CLANG_WARN_STRICT_PROTOTYPES = YES;
				CLANG_WARN_SUSPICIOUS_MOVE = YES;
				CLANG_WARN_UNGUARDED_AVAILABILITY = YES_AGGRESSIVE;
				CLANG_WARN_UNREACHABLE_CODE = YES;
				CLANG_WARN__DUPLICATE_METHOD_MATCH = YES;
				COPY_PHASE_STRIP = NO;
				DEBUG_INFORMATION_FORMAT = "dwarf-with-dsym";
				ENABLE_NS_ASSERTIONS = NO;
				ENABLE_STRICT_OBJC_MSGSEND = YES;
				GCC_C_LANGUAGE_STANDARD = gnu11;
				GCC_NO_COMMON_BLOCKS = YES;
				GCC_WARN_64_TO_32_BIT_CONVERSION = YES;
				GCC_WARN_ABOUT_RETURN_TYPE = YES_ERROR;
				GCC_WARN_UNDECLARED_SELECTOR = YES;
				GCC_WARN_UNINITIALIZED_AUTOS = YES_AGGRESSIVE;
				GCC_WARN_UNUSED_FUNCTION = YES;
				GCC_WARN_UNUSED_VARIABLE = YES;
				IPHONEOS_DEPLOYMENT_TARGET = 15.2;
				MTL_ENABLE_DEBUG_INFO = NO;
				MTL_FAST_MATH = YES;
				SDKROOT = iphoneos;
				SWIFT_COMPILATION_MODE = wholemodule;
				SWIFT_OPTIMIZATION_LEVEL = "-O";
				VALIDATE_PRODUCT = YES;
			};
			name = Release;
		};
		52518FD8288F1A5100365DBD /* Debug */ = {
			isa = XCBuildConfiguration;
			buildSettings = {
				ASSETCATALOG_COMPILER_APPICON_NAME = AppIcon;
				ASSETCATALOG_COMPILER_GLOBAL_ACCENT_COLOR_NAME = AccentColor;
				CODE_SIGN_STYLE = Automatic;
				CURRENT_PROJECT_VERSION = 1;
				DEVELOPMENT_TEAM = 7SM8DW2XRZ;
				GENERATE_INFOPLIST_FILE = YES;
				INFOPLIST_FILE = HomeVC/Info.plist;
				INFOPLIST_KEY_UIApplicationSupportsIndirectInputEvents = YES;
				INFOPLIST_KEY_UILaunchStoryboardName = LaunchScreen;
				INFOPLIST_KEY_UISupportedInterfaceOrientations_iPad = "UIInterfaceOrientationPortrait UIInterfaceOrientationPortraitUpsideDown UIInterfaceOrientationLandscapeLeft UIInterfaceOrientationLandscapeRight";
				INFOPLIST_KEY_UISupportedInterfaceOrientations_iPhone = "UIInterfaceOrientationPortrait UIInterfaceOrientationLandscapeLeft UIInterfaceOrientationLandscapeRight";
				LD_RUNPATH_SEARCH_PATHS = (
					"$(inherited)",
					"@executable_path/Frameworks",
				);
				MARKETING_VERSION = 1.0;
				PRODUCT_BUNDLE_IDENTIFIER = co.ibragimov.HomeVC;
				PRODUCT_NAME = "$(TARGET_NAME)";
				SWIFT_EMIT_LOC_STRINGS = YES;
				SWIFT_VERSION = 5.0;
				TARGETED_DEVICE_FAMILY = "1,2";
			};
			name = Debug;
		};
		52518FD9288F1A5100365DBD /* Release */ = {
			isa = XCBuildConfiguration;
			buildSettings = {
				ASSETCATALOG_COMPILER_APPICON_NAME = AppIcon;
				ASSETCATALOG_COMPILER_GLOBAL_ACCENT_COLOR_NAME = AccentColor;
				CODE_SIGN_STYLE = Automatic;
				CURRENT_PROJECT_VERSION = 1;
				DEVELOPMENT_TEAM = 7SM8DW2XRZ;
				GENERATE_INFOPLIST_FILE = YES;
				INFOPLIST_FILE = HomeVC/Info.plist;
				INFOPLIST_KEY_UIApplicationSupportsIndirectInputEvents = YES;
				INFOPLIST_KEY_UILaunchStoryboardName = LaunchScreen;
				INFOPLIST_KEY_UISupportedInterfaceOrientations_iPad = "UIInterfaceOrientationPortrait UIInterfaceOrientationPortraitUpsideDown UIInterfaceOrientationLandscapeLeft UIInterfaceOrientationLandscapeRight";
				INFOPLIST_KEY_UISupportedInterfaceOrientations_iPhone = "UIInterfaceOrientationPortrait UIInterfaceOrientationLandscapeLeft UIInterfaceOrientationLandscapeRight";
				LD_RUNPATH_SEARCH_PATHS = (
					"$(inherited)",
					"@executable_path/Frameworks",
				);
				MARKETING_VERSION = 1.0;
				PRODUCT_BUNDLE_IDENTIFIER = co.ibragimov.HomeVC;
				PRODUCT_NAME = "$(TARGET_NAME)";
				SWIFT_EMIT_LOC_STRINGS = YES;
				SWIFT_VERSION = 5.0;
				TARGETED_DEVICE_FAMILY = "1,2";
			};
			name = Release;
		};
/* End XCBuildConfiguration section */

/* Begin XCConfigurationList section */
		52518FBE288F1A4E00365DBD /* Build configuration list for PBXProject "HomeVC" */ = {
			isa = XCConfigurationList;
			buildConfigurations = (
				52518FD5288F1A5100365DBD /* Debug */,
				52518FD6288F1A5100365DBD /* Release */,
			);
			defaultConfigurationIsVisible = 0;
			defaultConfigurationName = Release;
		};
		52518FD7288F1A5100365DBD /* Build configuration list for PBXNativeTarget "HomeVC" */ = {
			isa = XCConfigurationList;
			buildConfigurations = (
				52518FD8288F1A5100365DBD /* Debug */,
				52518FD9288F1A5100365DBD /* Release */,
			);
			defaultConfigurationIsVisible = 0;
			defaultConfigurationName = Release;
		};
/* End XCConfigurationList section */
	};
	rootObject = 52518FBB288F1A4E00365DBD /* Project object */;
}
